
Microsoft Visual Studio Solution File, Format Version 12.00
# Visual Studio 15
VisualStudioVersion = 15.0.28307.1259
MinimumVisualStudioVersion = 10.0.40219.1
Project("{FAE04EC0-301F-11D3-BF4B-00C04F79EFBC}") = "Calculadora", "Calculadora\Calculadora.csproj", "{F63F9694-A1D8-4B27-9502-2109FB625461}"
EndProject
Global
	GlobalSection(SolutionConfigurationPlatforms) = preSolution
		Debug|Any CPU = Debug|Any CPU
		Release|Any CPU = Release|Any CPU
	EndGlobalSection
	GlobalSection(ProjectConfigurationPlatforms) = postSolution
		{F63F9694-A1D8-4B27-9502-2109FB625461}.Debug|Any CPU.ActiveCfg = Debug|Any CPU
		{F63F9694-A1D8-4B27-9502-2109FB625461}.Debug|Any CPU.Build.0 = Debug|Any CPU
		{F63F9694-A1D8-4B27-9502-2109FB625461}.Release|Any CPU.ActiveCfg = Release|Any CPU
		{F63F9694-A1D8-4B27-9502-2109FB625461}.Release|Any CPU.Build.0 = Release|Any CPU
	EndGlobalSection
	GlobalSection(SolutionProperties) = preSolution
		HideSolutionNode = FALSE
	EndGlobalSection
	GlobalSection(ExtensibilityGlobals) = postSolution
		SolutionGuid = {1D56E48E-8A15-44FE-A5A2-AAFC38E37098}
	EndGlobalSection
EndGlobal
